github.com/mszalewicz/simplemath v0.0.0-20240111082247-8bbcb1d1800d h1:zyrrbYxYXGPA3ps1FCVVf50C9/Kse3a8Ndts2rUNTak=
github.com/mszalewicz/simplemath v0.0.0-20240111082247-8bbcb1d1800d/go.mod h1:l9Syr0wNPk19Y0eGrAlTRDYS6c9sZWFZdfKNsPOfYtA=
github.com/mszalewicz/simplemath v0.0.0-20240111105113-c391072710a1 h1:InJpb2B46vztxatAxxLkh15k4avTyHQpc6YpMqvw6d8=
github.com/mszalewicz/simplemath v0.0.0-20240111105113-c391072710a1/go.mod h1:l9Syr0wNPk19Y0eGrAlTRDYS6c9sZWFZdfKNsPOfYtA=
