github.com/mszalewicz/simplemath v0.0.0-20240110144618-a3ea204aa2e0 h1:YrBJHXSlcQCPIVqzoIXNJM224kaCKwNsGWxPkGSkQR0=
github.com/mszalewicz/simplemath v0.0.0-20240110144618-a3ea204aa2e0/go.mod h1:l9Syr0wNPk19Y0eGrAlTRDYS6c9sZWFZdfKNsPOfYtA=
github.com/mszalewicz/simplemath v0.0.0-20240111082247-8bbcb1d1800d h1:zyrrbYxYXGPA3ps1FCVVf50C9/Kse3a8Ndts2rUNTak=
github.com/mszalewicz/simplemath v0.0.0-20240111082247-8bbcb1d1800d/go.mod h1:l9Syr0wNPk19Y0eGrAlTRDYS6c9sZWFZdfKNsPOfYtA=
